{
  "name": "@anderjason/node-filesystem",
  "version": "2.0.1",
  "lockfileVersion": 1,
  "requires": true,
  "dependencies": {
    "@anderjason/tests": {
      "version": "1.0.1",
      "resolved": "https://registry.npmjs.org/@anderjason/tests/-/tests-1.0.1.tgz",
      "integrity": "sha512-cZe/kS4An3PzYGDTYorcYOj/xLsR+7YxMXmkBNX5Gi0GZzt5x+u2m4pyYSwOWU1LTqoStEqWeXyc0xtV5Dfx3A==",
      "requires": {
        "typescript": "^4.0.2"
      }
    },
    "@anderjason/time": {
      "version": "2.0.2",
      "resolved": "https://registry.npmjs.org/@anderjason/time/-/time-2.0.2.tgz",
      "integrity": "sha512-HZRi33qGMCRpQF8BuULESYmriC7+Id91FQ2Nf7Z6FSeVi/BjUzhi7w+rRRrLd4nEZwKqkTEcHb43N34CV8pptA==",
      "requires": {
        "@anderjason/tests": "^1.0.1",
        "typescript": "^4.0.3"
      }
    },
    "@anderjason/util": {
      "version": "2.0.3",
      "resolved": "https://registry.npmjs.org/@anderjason/util/-/util-2.0.3.tgz",
      "integrity": "sha512-xMlYiZwViRXHpx8MDdafVl/ssgJzu1l3v9S/ufcTuqeNr8cq8JEvnojUWjutEanssY+9HpqGMxM2kF+pZC6sJQ==",
      "requires": {
        "@anderjason/tests": "^1.0.1",
        "typescript": "^4.0.3"
      }
    },
    "@types/node": {
      "version": "14.14.19",
      "resolved": "https://registry.npmjs.org/@types/node/-/node-14.14.19.tgz",
      "integrity": "sha512-4nhBPStMK04rruRVtVc6cDqhu7S9GZai0fpXgPXrFpcPX6Xul8xnrjSdGB4KPBVYG/R5+fXWdCM8qBoiULWGPQ==",
      "dev": true
    },
    "typescript": {
      "version": "4.1.3",
      "resolved": "https://registry.npmjs.org/typescript/-/typescript-4.1.3.tgz",
      "integrity": "sha512-B3ZIOf1IKeH2ixgHhj6la6xdwR9QrLC5d1VKeCSY4tvkqhF2eqd9O7txNlS0PO3GrBAFIdr3L1ndNwteUbZLYg=="
    }
  }
}
